
Microsoft Visual Studio Solution File, Format Version 12.00
# Visual Studio Version 17
VisualStudioVersion = 17.14.36121.58 d17.14
MinimumVisualStudioVersion = 10.0.40219.1
Project("{8BC9CEB8-8B4A-11D0-8D11-00A0C91BC942}") = "redpitaya_GUI", "redpitaya_GUI.vcxproj", "{AD820FCB-B92A-38D4-AF3C-3487AE43CD3C}"
EndProject
Global
	GlobalSection(SolutionConfigurationPlatforms) = preSolution
		Debug|x64 = Debug|x64
		Release|x64 = Release|x64
	EndGlobalSection
	GlobalSection(ProjectConfigurationPlatforms) = postSolution
		{AD820FCB-B92A-38D4-AF3C-3487AE43CD3C}.Debug|x64.ActiveCfg = Debug|x64
		{AD820FCB-B92A-38D4-AF3C-3487AE43CD3C}.Debug|x64.Build.0 = Debug|x64
		{AD820FCB-B92A-38D4-AF3C-3487AE43CD3C}.Release|x64.ActiveCfg = Release|x64
		{AD820FCB-B92A-38D4-AF3C-3487AE43CD3C}.Release|x64.Build.0 = Release|x64
	EndGlobalSection
	GlobalSection(SolutionProperties) = preSolution
		HideSolutionNode = FALSE
	EndGlobalSection
	GlobalSection(ExtensibilityGlobals) = postSolution
		SolutionGuid = {A5942E59-F5DA-4339-97DD-8CB86EC6A6EF}
	EndGlobalSection
EndGlobal
